
Microsoft Visual Studio Solution File, Format Version 12.00
# Visual Studio Version 17
VisualStudioVersion = 17.12.35707.178
MinimumVisualStudioVersion = 10.0.40219.1
Project("{FAE04EC0-301F-11D3-BF4B-00C04F79EFBC}") = "UI.NumerosAleatorios", "UI.NumerosAleatorios\UI.NumerosAleatorios.csproj", "{78FB7D3F-E6EA-45FA-8F45-35D152476FAA}"
EndProject
Project("{FAE04EC0-301F-11D3-BF4B-00C04F79EFBC}") = "ComplejidaAlgoritmos", "ComplejidaAlgoritmos\ComplejidaAlgoritmos.csproj", "{AF5B5F1B-EC0E-49E1-85A4-2AB677A76144}"
EndProject
Global
	GlobalSection(SolutionConfigurationPlatforms) = preSolution
		Debug|Any CPU = Debug|Any CPU
		Release|Any CPU = Release|Any CPU
	EndGlobalSection
	GlobalSection(ProjectConfigurationPlatforms) = postSolution
		{78FB7D3F-E6EA-45FA-8F45-35D152476FAA}.Debug|Any CPU.ActiveCfg = Debug|Any CPU
		{78FB7D3F-E6EA-45FA-8F45-35D152476FAA}.Debug|Any CPU.Build.0 = Debug|Any CPU
		{78FB7D3F-E6EA-45FA-8F45-35D152476FAA}.Release|Any CPU.ActiveCfg = Release|Any CPU
		{78FB7D3F-E6EA-45FA-8F45-35D152476FAA}.Release|Any CPU.Build.0 = Release|Any CPU
		{AF5B5F1B-EC0E-49E1-85A4-2AB677A76144}.Debug|Any CPU.ActiveCfg = Debug|Any CPU
		{AF5B5F1B-EC0E-49E1-85A4-2AB677A76144}.Debug|Any CPU.Build.0 = Debug|Any CPU
		{AF5B5F1B-EC0E-49E1-85A4-2AB677A76144}.Release|Any CPU.ActiveCfg = Release|Any CPU
		{AF5B5F1B-EC0E-49E1-85A4-2AB677A76144}.Release|Any CPU.Build.0 = Release|Any CPU
	EndGlobalSection
	GlobalSection(SolutionProperties) = preSolution
		HideSolutionNode = FALSE
	EndGlobalSection
EndGlobal
